// !$*UTF8*$!
{
	archiveVersion = 1;
	classes = {
	};
	objectVersion = 56;
	objects = {

/* Begin PBXBuildFile section */
		1871794229642C930062F166 /* SearchCityViewController.swift in Sources */ = {isa = PBXBuildFile; fileRef = 1871794129642C930062F166 /* SearchCityViewController.swift */; };
		1871794429642D6F0062F166 /* SearchCityViewCell.swift in Sources */ = {isa = PBXBuildFile; fileRef = 1871794329642D6F0062F166 /* SearchCityViewCell.swift */; };
		1871794629642E590062F166 /* City.swift in Sources */ = {isa = PBXBuildFile; fileRef = 1871794529642E590062F166 /* City.swift */; };
		1871794829642EAB0062F166 /* CityDataDelegate.swift in Sources */ = {isa = PBXBuildFile; fileRef = 1871794729642EAB0062F166 /* CityDataDelegate.swift */; };
		1871794A29642EC00062F166 /* CityDataSource.swift in Sources */ = {isa = PBXBuildFile; fileRef = 1871794929642EC00062F166 /* CityDataSource.swift */; };
		1871794C296451B90062F166 /* SearchBarDelegate.swift in Sources */ = {isa = PBXBuildFile; fileRef = 1871794B296451B80062F166 /* SearchBarDelegate.swift */; };
		36B21BC5295D9D04000EC25F /* CityDetailButtonsCollectionViewCell.swift in Sources */ = {isa = PBXBuildFile; fileRef = 36B21BC4295D9D04000EC25F /* CityDetailButtonsCollectionViewCell.swift */; };
		36C0152B295B124500C467CC /* CitiesTableViewController.swift in Sources */ = {isa = PBXBuildFile; fileRef = 36C0152A295B124500C467CC /* CitiesTableViewController.swift */; };
		36C0152D295B129100C467CC /* LocationCityTableViewCell.swift in Sources */ = {isa = PBXBuildFile; fileRef = 36C0152C295B129100C467CC /* LocationCityTableViewCell.swift */; };
		36C0152F295B1B4500C467CC /* CityTableViewCell.swift in Sources */ = {isa = PBXBuildFile; fileRef = 36C0152E295B1B4500C467CC /* CityTableViewCell.swift */; };
		36C01531295B1D4200C467CC /* CityDetailViewController.swift in Sources */ = {isa = PBXBuildFile; fileRef = 36C01530295B1D4200C467CC /* CityDetailViewController.swift */; };
		36E65F69295228C800667402 /* AppDelegate.swift in Sources */ = {isa = PBXBuildFile; fileRef = 36E65F68295228C800667402 /* AppDelegate.swift */; };
		36E65F6B295228C800667402 /* SceneDelegate.swift in Sources */ = {isa = PBXBuildFile; fileRef = 36E65F6A295228C800667402 /* SceneDelegate.swift */; };
		36E65F70295228C800667402 /* Main.storyboard in Resources */ = {isa = PBXBuildFile; fileRef = 36E65F6E295228C800667402 /* Main.storyboard */; };
		36E65F72295228C900667402 /* Assets.xcassets in Resources */ = {isa = PBXBuildFile; fileRef = 36E65F71295228C900667402 /* Assets.xcassets */; };
		36E65F75295228C900667402 /* LaunchScreen.storyboard in Resources */ = {isa = PBXBuildFile; fileRef = 36E65F73295228C900667402 /* LaunchScreen.storyboard */; };
/* End PBXBuildFile section */

/* Begin PBXFileReference section */
		1871794129642C930062F166 /* SearchCityViewController.swift */ = {isa = PBXFileReference; lastKnownFileType = sourcecode.swift; path = SearchCityViewController.swift; sourceTree = "<group>"; };
		1871794329642D6F0062F166 /* SearchCityViewCell.swift */ = {isa = PBXFileReference; lastKnownFileType = sourcecode.swift; path = SearchCityViewCell.swift; sourceTree = "<group>"; };
		1871794529642E590062F166 /* City.swift */ = {isa = PBXFileReference; lastKnownFileType = sourcecode.swift; name = City.swift; path = Horus/TableCells/City.swift; sourceTree = SOURCE_ROOT; };
		1871794729642EAB0062F166 /* CityDataDelegate.swift */ = {isa = PBXFileReference; lastKnownFileType = sourcecode.swift; name = CityDataDelegate.swift; path = Horus/TableCells/CityDataDelegate.swift; sourceTree = SOURCE_ROOT; };
		1871794929642EC00062F166 /* CityDataSource.swift */ = {isa = PBXFileReference; lastKnownFileType = sourcecode.swift; name = CityDataSource.swift; path = Horus/TableCells/CityDataSource.swift; sourceTree = SOURCE_ROOT; };
		1871794B296451B80062F166 /* SearchBarDelegate.swift */ = {isa = PBXFileReference; lastKnownFileType = sourcecode.swift; name = SearchBarDelegate.swift; path = Horus/TableCells/SearchBarDelegate.swift; sourceTree = SOURCE_ROOT; };
		36B21BC4295D9D04000EC25F /* CityDetailButtonsCollectionViewCell.swift */ = {isa = PBXFileReference; lastKnownFileType = sourcecode.swift; path = CityDetailButtonsCollectionViewCell.swift; sourceTree = "<group>"; };
		36C0152A295B124500C467CC /* CitiesTableViewController.swift */ = {isa = PBXFileReference; lastKnownFileType = sourcecode.swift; path = CitiesTableViewController.swift; sourceTree = "<group>"; };
		36C0152C295B129100C467CC /* LocationCityTableViewCell.swift */ = {isa = PBXFileReference; lastKnownFileType = sourcecode.swift; path = LocationCityTableViewCell.swift; sourceTree = "<group>"; };
		36C0152E295B1B4500C467CC /* CityTableViewCell.swift */ = {isa = PBXFileReference; lastKnownFileType = sourcecode.swift; path = CityTableViewCell.swift; sourceTree = "<group>"; };
		36C01530295B1D4200C467CC /* CityDetailViewController.swift */ = {isa = PBXFileReference; lastKnownFileType = sourcecode.swift; path = CityDetailViewController.swift; sourceTree = "<group>"; };
		36E65F65295228C800667402 /* Horus.app */ = {isa = PBXFileReference; explicitFileType = wrapper.application; includeInIndex = 0; path = Horus.app; sourceTree = BUILT_PRODUCTS_DIR; };
		36E65F68295228C800667402 /* AppDelegate.swift */ = {isa = PBXFileReference; lastKnownFileType = sourcecode.swift; path = AppDelegate.swift; sourceTree = "<group>"; };
		36E65F6A295228C800667402 /* SceneDelegate.swift */ = {isa = PBXFileReference; lastKnownFileType = sourcecode.swift; path = SceneDelegate.swift; sourceTree = "<group>"; };
		36E65F6F295228C800667402 /* Base */ = {isa = PBXFileReference; lastKnownFileType = file.storyboard; name = Base; path = Base.lproj/Main.storyboard; sourceTree = "<group>"; };
		36E65F71295228C900667402 /* Assets.xcassets */ = {isa = PBXFileReference; lastKnownFileType = folder.assetcatalog; path = Assets.xcassets; sourceTree = "<group>"; };
		36E65F74295228C900667402 /* Base */ = {isa = PBXFileReference; lastKnownFileType = file.storyboard; name = Base; path = Base.lproj/LaunchScreen.storyboard; sourceTree = "<group>"; };
		36E65F76295228C900667402 /* Info.plist */ = {isa = PBXFileReference; lastKnownFileType = text.plist.xml; path = Info.plist; sourceTree = "<group>"; };
/* End PBXFileReference section */

/* Begin PBXFrameworksBuildPhase section */
		36E65F62295228C800667402 /* Frameworks */ = {
			isa = PBXFrameworksBuildPhase;
			buildActionMask = 2147483647;
			files = (
			);
			runOnlyForDeploymentPostprocessing = 0;
		};
/* End PBXFrameworksBuildPhase section */

/* Begin PBXGroup section */
		36C01524295AEB1300C467CC /* ViewController */ = {
			isa = PBXGroup;
			children = (
				36C0152A295B124500C467CC /* CitiesTableViewController.swift */,
				36C01530295B1D4200C467CC /* CityDetailViewController.swift */,
				1871794129642C930062F166 /* SearchCityViewController.swift */,
			);
			path = ViewController;
			sourceTree = "<group>";
		};
		36C01526295B0DA500C467CC /* CollectionCells */ = {
			isa = PBXGroup;
			children = (
				36B21BC4295D9D04000EC25F /* CityDetailButtonsCollectionViewCell.swift */,
			);
			path = CollectionCells;
			sourceTree = "<group>";
		};
		36C01527295B0DAF00C467CC /* TableCells */ = {
			isa = PBXGroup;
			children = (
				36C0152C295B129100C467CC /* LocationCityTableViewCell.swift */,
				36C0152E295B1B4500C467CC /* CityTableViewCell.swift */,
				1871794329642D6F0062F166 /* SearchCityViewCell.swift */,
			);
			path = TableCells;
			sourceTree = "<group>";
		};
		36C01529295B0DC600C467CC /* Model */ = {
			isa = PBXGroup;
			children = (
				1871794529642E590062F166 /* City.swift */,
				1871794729642EAB0062F166 /* CityDataDelegate.swift */,
				1871794929642EC00062F166 /* CityDataSource.swift */,
				1871794B296451B80062F166 /* SearchBarDelegate.swift */,
			);
			path = Model;
			sourceTree = "<group>";
		};
		36E65F5C295228C800667402 = {
			isa = PBXGroup;
			children = (
				36E65F67295228C800667402 /* Horus */,
				36E65F66295228C800667402 /* Products */,
			);
			sourceTree = "<group>";
		};
		36E65F66295228C800667402 /* Products */ = {
			isa = PBXGroup;
			children = (
				36E65F65295228C800667402 /* Horus.app */,
			);
			name = Products;
			sourceTree = "<group>";
		};
		36E65F67295228C800667402 /* Horus */ = {
			isa = PBXGroup;
			children = (
				36C01529295B0DC600C467CC /* Model */,
				36C01527295B0DAF00C467CC /* TableCells */,
				36C01526295B0DA500C467CC /* CollectionCells */,
				36C01524295AEB1300C467CC /* ViewController */,
				36E65F68295228C800667402 /* AppDelegate.swift */,
				36E65F6A295228C800667402 /* SceneDelegate.swift */,
				36E65F6E295228C800667402 /* Main.storyboard */,
				36E65F71295228C900667402 /* Assets.xcassets */,
				36E65F73295228C900667402 /* LaunchScreen.storyboard */,
				36E65F76295228C900667402 /* Info.plist */,
			);
			path = Horus;
			sourceTree = "<group>";
		};
/* End PBXGroup section */

/* Begin PBXNativeTarget section */
		36E65F64295228C800667402 /* Horus */ = {
			isa = PBXNativeTarget;
			buildConfigurationList = 36E65F79295228C900667402 /* Build configuration list for PBXNativeTarget "Horus" */;
			buildPhases = (
				36E65F61295228C800667402 /* Sources */,
				36E65F62295228C800667402 /* Frameworks */,
				36E65F63295228C800667402 /* Resources */,
			);
			buildRules = (
			);
			dependencies = (
			);
			name = Horus;
			productName = Horus;
			productReference = 36E65F65295228C800667402 /* Horus.app */;
			productType = "com.apple.product-type.application";
		};
/* End PBXNativeTarget section */

/* Begin PBXProject section */
		36E65F5D295228C800667402 /* Project object */ = {
			isa = PBXProject;
			attributes = {
				BuildIndependentTargetsInParallel = 1;
				LastSwiftUpdateCheck = 1420;
				LastUpgradeCheck = 1420;
				TargetAttributes = {
					36E65F64295228C800667402 = {
						CreatedOnToolsVersion = 14.2;
					};
				};
			};
			buildConfigurationList = 36E65F60295228C800667402 /* Build configuration list for PBXProject "Horus" */;
			compatibilityVersion = "Xcode 14.0";
			developmentRegion = en;
			hasScannedForEncodings = 0;
			knownRegions = (
				en,
				Base,
			);
			mainGroup = 36E65F5C295228C800667402;
			productRefGroup = 36E65F66295228C800667402 /* Products */;
			projectDirPath = "";
			projectRoot = "";
			targets = (
				36E65F64295228C800667402 /* Horus */,
			);
		};
/* End PBXProject section */

/* Begin PBXResourcesBuildPhase section */
		36E65F63295228C800667402 /* Resources */ = {
			isa = PBXResourcesBuildPhase;
			buildActionMask = 2147483647;
			files = (
				36E65F75295228C900667402 /* LaunchScreen.storyboard in Resources */,
				36E65F72295228C900667402 /* Assets.xcassets in Resources */,
				36E65F70295228C800667402 /* Main.storyboard in Resources */,
			);
			runOnlyForDeploymentPostprocessing = 0;
		};
/* End PBXResourcesBuildPhase section */

/* Begin PBXSourcesBuildPhase section */
		36E65F61295228C800667402 /* Sources */ = {
			isa = PBXSourcesBuildPhase;
			buildActionMask = 2147483647;
			files = (
				1871794C296451B90062F166 /* SearchBarDelegate.swift in Sources */,
				36C0152F295B1B4500C467CC /* CityTableViewCell.swift in Sources */,
				36C0152B295B124500C467CC /* CitiesTableViewController.swift in Sources */,
				36B21BC5295D9D04000EC25F /* CityDetailButtonsCollectionViewCell.swift in Sources */,
				36C01531295B1D4200C467CC /* CityDetailViewController.swift in Sources */,
				1871794429642D6F0062F166 /* SearchCityViewCell.swift in Sources */,
				36C0152D295B129100C467CC /* LocationCityTableViewCell.swift in Sources */,
				1871794629642E590062F166 /* City.swift in Sources */,
				1871794A29642EC00062F166 /* CityDataSource.swift in Sources */,
				36E65F69295228C800667402 /* AppDelegate.swift in Sources */,
				1871794829642EAB0062F166 /* CityDataDelegate.swift in Sources */,
				36E65F6B295228C800667402 /* SceneDelegate.swift in Sources */,
				1871794229642C930062F166 /* SearchCityViewController.swift in Sources */,
			);
			runOnlyForDeploymentPostprocessing = 0;
		};
/* End PBXSourcesBuildPhase section */

/* Begin PBXVariantGroup section */
		36E65F6E295228C800667402 /* Main.storyboard */ = {
			isa = PBXVariantGroup;
			children = (
				36E65F6F295228C800667402 /* Base */,
			);
			name = Main.storyboard;
			sourceTree = "<group>";
		};
		36E65F73295228C900667402 /* LaunchScreen.storyboard */ = {
			isa = PBXVariantGroup;
			children = (
				36E65F74295228C900667402 /* Base */,
			);
			name = LaunchScreen.storyboard;
			sourceTree = "<group>";
		};
/* End PBXVariantGroup section */

/* Begin XCBuildConfiguration section */
		36E65F77295228C900667402 /* Debug */ = {
			isa = XCBuildConfiguration;
			buildSettings = {
				ALWAYS_SEARCH_USER_PATHS = NO;
				CLANG_ANALYZER_NONNULL = YES;
				CLANG_ANALYZER_NUMBER_OBJECT_CONVERSION = YES_AGGRESSIVE;
				CLANG_CXX_LANGUAGE_STANDARD = "gnu++20";
				CLANG_ENABLE_MODULES = YES;
				CLANG_ENABLE_OBJC_ARC = YES;
				CLANG_ENABLE_OBJC_WEAK = YES;
				CLANG_WARN_BLOCK_CAPTURE_AUTORELEASING = YES;
				CLANG_WARN_BOOL_CONVERSION = YES;
				CLANG_WARN_COMMA = YES;
				CLANG_WARN_CONSTANT_CONVERSION = YES;
				CLANG_WARN_DEPRECATED_OBJC_IMPLEMENTATIONS = YES;
				CLANG_WARN_DIRECT_OBJC_ISA_USAGE = YES_ERROR;
				CLANG_WARN_DOCUMENTATION_COMMENTS = YES;
				CLANG_WARN_EMPTY_BODY = YES;
				CLANG_WARN_ENUM_CONVERSION = YES;
				CLANG_WARN_INFINITE_RECURSION = YES;
				CLANG_WARN_INT_CONVERSION = YES;
				CLANG_WARN_NON_LITERAL_NULL_CONVERSION = YES;
				CLANG_WARN_OBJC_IMPLICIT_RETAIN_SELF = YES;
				CLANG_WARN_OBJC_LITERAL_CONVERSION = YES;
				CLANG_WARN_OBJC_ROOT_CLASS = YES_ERROR;
				CLANG_WARN_QUOTED_INCLUDE_IN_FRAMEWORK_HEADER = YES;
				CLANG_WARN_RANGE_LOOP_ANALYSIS = YES;
				CLANG_WARN_STRICT_PROTOTYPES = YES;
				CLANG_WARN_SUSPICIOUS_MOVE = YES;
				CLANG_WARN_UNGUARDED_AVAILABILITY = YES_AGGRESSIVE;
				CLANG_WARN_UNREACHABLE_CODE = YES;
				CLANG_WARN__DUPLICATE_METHOD_MATCH = YES;
				COPY_PHASE_STRIP = NO;
				DEBUG_INFORMATION_FORMAT = dwarf;
				ENABLE_STRICT_OBJC_MSGSEND = YES;
				ENABLE_TESTABILITY = YES;
				GCC_C_LANGUAGE_STANDARD = gnu11;
				GCC_DYNAMIC_NO_PIC = NO;
				GCC_NO_COMMON_BLOCKS = YES;
				GCC_OPTIMIZATION_LEVEL = 0;
				GCC_PREPROCESSOR_DEFINITIONS = (
					"DEBUG=1",
					"$(inherited)",
				);
				GCC_WARN_64_TO_32_BIT_CONVERSION = YES;
				GCC_WARN_ABOUT_RETURN_TYPE = YES_ERROR;
				GCC_WARN_UNDECLARED_SELECTOR = YES;
				GCC_WARN_UNINITIALIZED_AUTOS = YES_AGGRESSIVE;
				GCC_WARN_UNUSED_FUNCTION = YES;
				GCC_WARN_UNUSED_VARIABLE = YES;
				IPHONEOS_DEPLOYMENT_TARGET = 16.2;
				MTL_ENABLE_DEBUG_INFO = INCLUDE_SOURCE;
				MTL_FAST_MATH = YES;
				ONLY_ACTIVE_ARCH = YES;
				SDKROOT = iphoneos;
				SWIFT_ACTIVE_COMPILATION_CONDITIONS = DEBUG;
				SWIFT_OPTIMIZATION_LEVEL = "-Onone";
			};
			name = Debug;
		};
		36E65F78295228C900667402 /* Release */ = {
			isa = XCBuildConfiguration;
			buildSettings = {
				ALWAYS_SEARCH_USER_PATHS = NO;
				CLANG_ANALYZER_NONNULL = YES;
				CLANG_ANALYZER_NUMBER_OBJECT_CONVERSION = YES_AGGRESSIVE;
				CLANG_CXX_LANGUAGE_STANDARD = "gnu++20";
				CLANG_ENABLE_MODULES = YES;
				CLANG_ENABLE_OBJC_ARC = YES;
				CLANG_ENABLE_OBJC_WEAK = YES;
				CLANG_WARN_BLOCK_CAPTURE_AUTORELEASING = YES;
				CLANG_WARN_BOOL_CONVERSION = YES;
				CLANG_WARN_COMMA = YES;
				CLANG_WARN_CONSTANT_CONVERSION = YES;
				CLANG_WARN_DEPRECATED_OBJC_IMPLEMENTATIONS = YES;
				CLANG_WARN_DIRECT_OBJC_ISA_USAGE = YES_ERROR;
				CLANG_WARN_DOCUMENTATION_COMMENTS = YES;
				CLANG_WARN_EMPTY_BODY = YES;
				CLANG_WARN_ENUM_CONVERSION = YES;
				CLANG_WARN_INFINITE_RECURSION = YES;
				CLANG_WARN_INT_CONVERSION = YES;
				CLANG_WARN_NON_LITERAL_NULL_CONVERSION = YES;
				CLANG_WARN_OBJC_IMPLICIT_RETAIN_SELF = YES;
				CLANG_WARN_OBJC_LITERAL_CONVERSION = YES;
				CLANG_WARN_OBJC_ROOT_CLASS = YES_ERROR;
				CLANG_WARN_QUOTED_INCLUDE_IN_FRAMEWORK_HEADER = YES;
				CLANG_WARN_RANGE_LOOP_ANALYSIS = YES;
				CLANG_WARN_STRICT_PROTOTYPES = YES;
				CLANG_WARN_SUSPICIOUS_MOVE = YES;
				CLANG_WARN_UNGUARDED_AVAILABILITY = YES_AGGRESSIVE;
				CLANG_WARN_UNREACHABLE_CODE = YES;
				CLANG_WARN__DUPLICATE_METHOD_MATCH = YES;
				COPY_PHASE_STRIP = NO;
				DEBUG_INFORMATION_FORMAT = "dwarf-with-dsym";
				ENABLE_NS_ASSERTIONS = NO;
				ENABLE_STRICT_OBJC_MSGSEND = YES;
				GCC_C_LANGUAGE_STANDARD = gnu11;
				GCC_NO_COMMON_BLOCKS = YES;
				GCC_WARN_64_TO_32_BIT_CONVERSION = YES;
				GCC_WARN_ABOUT_RETURN_TYPE = YES_ERROR;
				GCC_WARN_UNDECLARED_SELECTOR = YES;
				GCC_WARN_UNINITIALIZED_AUTOS = YES_AGGRESSIVE;
				GCC_WARN_UNUSED_FUNCTION = YES;
				GCC_WARN_UNUSED_VARIABLE = YES;
				IPHONEOS_DEPLOYMENT_TARGET = 16.2;
				MTL_ENABLE_DEBUG_INFO = NO;
				MTL_FAST_MATH = YES;
				SDKROOT = iphoneos;
				SWIFT_COMPILATION_MODE = wholemodule;
				SWIFT_OPTIMIZATION_LEVEL = "-O";
				VALIDATE_PRODUCT = YES;
			};
			name = Release;
		};
		36E65F7A295228C900667402 /* Debug */ = {
			isa = XCBuildConfiguration;
			buildSettings = {
				ASSETCATALOG_COMPILER_APPICON_NAME = AppIcon;
				ASSETCATALOG_COMPILER_GLOBAL_ACCENT_COLOR_NAME = AccentColor;
				CODE_SIGN_STYLE = Automatic;
				CURRENT_PROJECT_VERSION = 1;
				DEVELOPMENT_TEAM = 3832ZW4956;
				GENERATE_INFOPLIST_FILE = YES;
				INFOPLIST_FILE = Horus/Info.plist;
				INFOPLIST_KEY_UIApplicationSupportsIndirectInputEvents = YES;
				INFOPLIST_KEY_UILaunchStoryboardName = LaunchScreen;
				INFOPLIST_KEY_UIMainStoryboardFile = Main;
				INFOPLIST_KEY_UISupportedInterfaceOrientations_iPad = "UIInterfaceOrientationPortrait UIInterfaceOrientationPortraitUpsideDown UIInterfaceOrientationLandscapeLeft UIInterfaceOrientationLandscapeRight";
				INFOPLIST_KEY_UISupportedInterfaceOrientations_iPhone = "UIInterfaceOrientationPortrait UIInterfaceOrientationLandscapeLeft UIInterfaceOrientationLandscapeRight";
				IPHONEOS_DEPLOYMENT_TARGET = 16.0;
				LD_RUNPATH_SEARCH_PATHS = (
					"$(inherited)",
					"@executable_path/Frameworks",
				);
				MARKETING_VERSION = 1.0;
				PRODUCT_BUNDLE_IDENTIFIER = com.girenes.Horus;
				PRODUCT_NAME = "$(TARGET_NAME)";
				SWIFT_EMIT_LOC_STRINGS = YES;
				SWIFT_VERSION = 5.0;
				TARGETED_DEVICE_FAMILY = "1,2";
			};
			name = Debug;
		};
		36E65F7B295228C900667402 /* Release */ = {
			isa = XCBuildConfiguration;
			buildSettings = {
				ASSETCATALOG_COMPILER_APPICON_NAME = AppIcon;
				ASSETCATALOG_COMPILER_GLOBAL_ACCENT_COLOR_NAME = AccentColor;
				CODE_SIGN_STYLE = Automatic;
				CURRENT_PROJECT_VERSION = 1;
				DEVELOPMENT_TEAM = 3832ZW4956;
				GENERATE_INFOPLIST_FILE = YES;
				INFOPLIST_FILE = Horus/Info.plist;
				INFOPLIST_KEY_UIApplicationSupportsIndirectInputEvents = YES;
				INFOPLIST_KEY_UILaunchStoryboardName = LaunchScreen;
				INFOPLIST_KEY_UIMainStoryboardFile = Main;
				INFOPLIST_KEY_UISupportedInterfaceOrientations_iPad = "UIInterfaceOrientationPortrait UIInterfaceOrientationPortraitUpsideDown UIInterfaceOrientationLandscapeLeft UIInterfaceOrientationLandscapeRight";
				INFOPLIST_KEY_UISupportedInterfaceOrientations_iPhone = "UIInterfaceOrientationPortrait UIInterfaceOrientationLandscapeLeft UIInterfaceOrientationLandscapeRight";
				IPHONEOS_DEPLOYMENT_TARGET = 16.0;
				LD_RUNPATH_SEARCH_PATHS = (
					"$(inherited)",
					"@executable_path/Frameworks",
				);
				MARKETING_VERSION = 1.0;
				PRODUCT_BUNDLE_IDENTIFIER = com.girenes.Horus;
				PRODUCT_NAME = "$(TARGET_NAME)";
				SWIFT_EMIT_LOC_STRINGS = YES;
				SWIFT_VERSION = 5.0;
				TARGETED_DEVICE_FAMILY = "1,2";
			};
			name = Release;
		};
/* End XCBuildConfiguration section */

/* Begin XCConfigurationList section */
		36E65F60295228C800667402 /* Build configuration list for PBXProject "Horus" */ = {
			isa = XCConfigurationList;
			buildConfigurations = (
				36E65F77295228C900667402 /* Debug */,
				36E65F78295228C900667402 /* Release */,
			);
			defaultConfigurationIsVisible = 0;
			defaultConfigurationName = Release;
		};
		36E65F79295228C900667402 /* Build configuration list for PBXNativeTarget "Horus" */ = {
			isa = XCConfigurationList;
			buildConfigurations = (
				36E65F7A295228C900667402 /* Debug */,
				36E65F7B295228C900667402 /* Release */,
			);
			defaultConfigurationIsVisible = 0;
			defaultConfigurationName = Release;
		};
/* End XCConfigurationList section */
	};
	rootObject = 36E65F5D295228C800667402 /* Project object */;
}
